github.com/milkywoosh/gomod_struct_modif v0.0.0-20220403034630-d9305a44a317 h1:wGnak1otFSNizGbhfppVsUn8E6LFF8RSQ6yZqHzrBLc=
github.com/milkywoosh/gomod_struct_modif v0.0.0-20220403034630-d9305a44a317/go.mod h1:YLFu5Db52oTs7LPCTsnPdlLh8YeWKwPDk+qmAEIGzq0=
github.com/milkywoosh/gomod_struct_modif v1.0.0 h1:l0PbGxca4OhzqLr6lkvFbN/PfD8QVZEZTEzB2kNZvPo=
github.com/milkywoosh/gomod_struct_modif v1.0.0/go.mod h1:YLFu5Db52oTs7LPCTsnPdlLh8YeWKwPDk+qmAEIGzq0=
