github.com/milkywoosh/gomod_basic_math v1.0.1 h1:8bg7iFdSvhYS45D3+xAgkLfvaC2AfwCYsiZ5ilbq7tk=
github.com/milkywoosh/gomod_basic_math v1.0.1/go.mod h1:EHX92KrrVYJTnKHVncUG/wrBOIZKWYkQXT8ETpb2xKI=
github.com/milkywoosh/gomod_basic_math v1.0.2 h1:YopPeqn3lNp4IhpRdXdYhZ3R+W1Y+KBjA6zHVvLORTw=
github.com/milkywoosh/gomod_basic_math v1.0.2/go.mod h1:EHX92KrrVYJTnKHVncUG/wrBOIZKWYkQXT8ETpb2xKI=
github.com/milkywoosh/gomod_basic_math v1.0.3 h1:MrvJpLVdzx40Io3jmIU4WGKEJ2XHf8wq4hXjajveVC0=
github.com/milkywoosh/gomod_basic_math v1.0.3/go.mod h1:EHX92KrrVYJTnKHVncUG/wrBOIZKWYkQXT8ETpb2xKI=
